schema: '2.0'
stages:
  data_ingestion:
    cmd: python src/cnnClassifier/pipeline/stage_01_data_ingestion.py
    deps:
    - path: config/config.yaml
      hash: md5
      md5: c8c5b828b9c08e4d6c39f16c8ba99eb3
      size: 582
    - path: src/cnnClassifier/pipeline/stage_01_data_ingestion.py
      hash: md5
      md5: 26ee81f04abdcc603714837cb2c48adc
      size: 905
    outs:
    - path: artifacts/data_ingestion/chest_cancer_data
      hash: md5
      md5: eaad0245002d1337314e419de1e4d103.dir
      size: 207090741
      nfiles: 1544
  prepare_base_model:
    cmd: python src/cnnClassifier/pipeline/stage_02_prepare_base_model.py
    deps:
    - path: config/config.yaml
      hash: md5
      md5: c8c5b828b9c08e4d6c39f16c8ba99eb3
      size: 582
    - path: src/cnnClassifier/pipeline/stage_02_prepare_base_model.py
      hash: md5
      md5: 3f41e803ec587c6a0908792b396af1ff
      size: 997
    params:
      params.yaml:
        CLASSES: 2
        IMAGE_SIZE:
        - 224
        - 224
        - 3
        INCLUDE_TOP: false
        LEARNING_RATE: 0.01
        WEIGHTS: imagenet
    outs:
    - path: artifacts/prepare_base_model
      hash: md5
      md5: 7c30515c454a35d27b843c2bdf84604a.dir
      size: 118054560
      nfiles: 2
  training:
    cmd: python src/cnnClassifier/pipeline/stage_03_model_trainer.py
    deps:
    - path: artifacts/data_ingestion/chest_cancer_data
      hash: md5
      md5: eaad0245002d1337314e419de1e4d103.dir
      size: 207090741
      nfiles: 1544
    - path: artifacts/prepare_base_model
      hash: md5
      md5: 7c30515c454a35d27b843c2bdf84604a.dir
      size: 118054560
      nfiles: 2
    - path: config/config.yaml
      hash: md5
      md5: c8c5b828b9c08e4d6c39f16c8ba99eb3
      size: 582
    - path: src/cnnClassifier/pipeline/stage_03_model_trainer.py
      hash: md5
      md5: 6ec55f3955b9ecfe917352556b68fe5e
      size: 926
    params:
      params.yaml:
        AUGMENTATION: true
        BATCH_SIZE: 16
        EPOCHS: 20
        IMAGE_SIZE:
        - 224
        - 224
        - 3
    outs:
    - path: artifacts/training/model.h5
      hash: md5
      md5: 679e6dbecee874a8390ff14aad36b935
      size: 59337520
  evaluation:
    cmd: python src/cnnClassifier/pipeline/stage_04_model_evaluation.py
    deps:
    - path: artifacts/data_ingestion/chest_cancer_data
      hash: md5
      md5: eaad0245002d1337314e419de1e4d103.dir
      size: 207090741
      nfiles: 1544
    - path: artifacts/training/model.h5
      hash: md5
      md5: 679e6dbecee874a8390ff14aad36b935
      size: 59337520
    - path: config/config.yaml
      hash: md5
      md5: c8c5b828b9c08e4d6c39f16c8ba99eb3
      size: 582
    - path: src/cnnClassifier/pipeline/stage_04_model_evaluation.py
      hash: md5
      md5: 1fe7a880a3e9f16c5852e6e302779527
      size: 868
    params:
      params.yaml:
        BATCH_SIZE: 16
        IMAGE_SIZE:
        - 224
        - 224
        - 3
    outs:
    - path: scores.json
      hash: md5
      md5: a3d5667afdc8fb32cbdb79b0e9ea389e
      size: 74
